%{
  "beam_notify": {:hex, :beam_notify, "1.1.0", "4ce38e27460a3c03b6f77c10c6f31458b035ebb1035cd52d4b3e771311837dba", [:make, :mix], [{:elixir_make, "~> 0.6", [hex: :elixir_make, repo: "hexpm", optional: false]}], "hexpm", "8547a310702bfcea0e401534398617b940808ff6ad10c43dddc85c169de7b9cc"},
  "can": {:git, "https://github.com/tonyrog/can.git", "23969361a3bd8f442ba3232793578681b80db7ba", []},
  "castore": {:hex, :castore, "1.0.5", "9eeebb394cc9a0f3ae56b813459f990abb0a3dedee1be6b27fdb50301930502f", [:mix], [], "hexpm", "8d7c597c3e4a64c395980882d4bca3cebb8d74197c590dc272cfd3b6a6310578"},
  "certifi": {:hex, :certifi, "2.12.0", "2d1cca2ec95f59643862af91f001478c9863c2ac9cb6e2f89780bfd8de987329", [:rebar3], [], "hexpm", "ee68d85df22e554040cdb4be100f33873ac6051387baf6a8f6ce82272340ff1c"},
  "circuits_uart": {:hex, :circuits_uart, "1.5.2", "2b9bed7bfd4051ad199e247e6564e04ab0b363b04277c9b1140df533c39ffa59", [:mix], [{:elixir_make, "~> 0.6", [hex: :elixir_make, repo: "hexpm", optional: false]}], "hexpm", "0ae3184cd25efeee8d36cde241581d0db15f67b9bc3a1596cba8eec6c8f6ab99"},
  "circular_buffer": {:hex, :circular_buffer, "0.4.1", "477f370fd8cfe1787b0a1bade6208bbd274b34f1610e41f1180ba756a7679839", [:mix], [], "hexpm", "633ef2e059dde0d7b89bbab13b1da9d04c6685e80e68fbdf41282d4fae746b72"},
  "connection": {:hex, :connection, "1.1.0", "ff2a49c4b75b6fb3e674bfc5536451607270aac754ffd1bdfe175abe4a6d7a68", [:mix], [], "hexpm", "722c1eb0a418fbe91ba7bd59a47e28008a189d47e37e0e7bb85585a016b2869c"},
  "db_connection": {:hex, :db_connection, "2.4.2", "f92e79aff2375299a16bcb069a14ee8615c3414863a6fef93156aee8e86c2ff3", [:mix], [{:connection, "~> 1.0", [hex: :connection, repo: "hexpm", optional: false]}, {:telemetry, "~> 0.4 or ~> 1.0", [hex: :telemetry, repo: "hexpm", optional: false]}], "hexpm", "4fe53ca91b99f55ea249693a0229356a08f4d1a7931d8ffa79289b145fe83668"},
  "decimal": {:hex, :decimal, "2.0.0", "a78296e617b0f5dd4c6caf57c714431347912ffb1d0842e998e9792b5642d697", [:mix], [], "hexpm", "34666e9c55dea81013e77d9d87370fe6cb6291d1ef32f46a1600230b1d44f577"},
  "elixir_make": {:hex, :elixir_make, "0.7.8", "505026f266552ee5aabca0b9f9c229cbb496c689537c9f922f3eb5431157efc7", [:mix], [{:castore, "~> 0.1 or ~> 1.0", [hex: :castore, repo: "hexpm", optional: true]}, {:certifi, "~> 2.0", [hex: :certifi, repo: "hexpm", optional: true]}], "hexpm", "7a71945b913d37ea89b06966e1342c85cfe549b15e6d6d081e8081c493062c07"},
  "file_system": {:hex, :file_system, "0.2.10", "fb082005a9cd1711c05b5248710f8826b02d7d1784e7c3451f9c1231d4fc162d", [:mix], [], "hexpm", "41195edbfb562a593726eda3b3e8b103a309b733ad25f3d642ba49696bf715dc"},
  "gen_state_machine": {:hex, :gen_state_machine, "3.0.0", "1e57f86a494e5c6b14137ebef26a7eb342b3b0070c7135f2d6768ed3f6b6cdff", [:mix], [], "hexpm", "0a59652574bebceb7309f6b749d2a41b45fdeda8dbb4da0791e355dd19f0ed15"},
  "goldrush": {:git, "https://github.com/tonyrog/goldrush.git", "8f1b715d36b650ec1e1f5612c00e28af6ab0de82", [tag: "0.1.9"]},
  "hackney": {:hex, :hackney, "1.20.1", "8d97aec62ddddd757d128bfd1df6c5861093419f8f7a4223823537bad5d064e2", [:rebar3], [{:certifi, "~> 2.12.0", [hex: :certifi, repo: "hexpm", optional: false]}, {:idna, "~> 6.1.0", [hex: :idna, repo: "hexpm", optional: false]}, {:metrics, "~> 1.0.0", [hex: :metrics, repo: "hexpm", optional: false]}, {:mimerl, "~> 1.1", [hex: :mimerl, repo: "hexpm", optional: false]}, {:parse_trans, "3.4.1", [hex: :parse_trans, repo: "hexpm", optional: false]}, {:ssl_verify_fun, "~> 1.1.0", [hex: :ssl_verify_fun, repo: "hexpm", optional: false]}, {:unicode_util_compat, "~> 0.7.0", [hex: :unicode_util_compat, repo: "hexpm", optional: false]}], "hexpm", "fe9094e5f1a2a2c0a7d10918fee36bfec0ec2a979994cff8cfe8058cd9af38e3"},
  "idna": {:hex, :idna, "6.1.1", "8a63070e9f7d0c62eb9d9fcb360a7de382448200fbbd1b106cc96d3d8099df8d", [:rebar3], [{:unicode_util_compat, "~> 0.7.0", [hex: :unicode_util_compat, repo: "hexpm", optional: false]}], "hexpm", "92376eb7894412ed19ac475e4a86f7b413c1b9fbb5bd16dccd57934157944cea"},
  "jason": {:hex, :jason, "1.4.1", "af1504e35f629ddcdd6addb3513c3853991f694921b1b9368b0bd32beb9f1b63", [:mix], [{:decimal, "~> 1.0 or ~> 2.0", [hex: :decimal, repo: "hexpm", optional: true]}], "hexpm", "fbb01ecdfd565b56261302f7e1fcc27c4fb8f32d56eab74db621fc154604a7a1"},
  "lager": {:git, "https://github.com/tonyrog/lager.git", "6a004284023c7fa0bba35a591c521e166c63c901", []},
  "mdns_lite": {:hex, :mdns_lite, "0.8.9", "e08444005d8d9ad30771a5f1f9d1d6384d8712e0f3111e7a0e05009893b638ad", [:mix], [{:vintage_net, "~> 0.7", [hex: :vintage_net, repo: "hexpm", optional: true]}], "hexpm", "290a2227ce575234e812984e04873785fb608377988b008915b8b294111378d7"},
  "metrics": {:hex, :metrics, "1.0.1", "25f094dea2cda98213cecc3aeff09e940299d950904393b2a29d191c346a8486", [:rebar3], [], "hexpm", "69b09adddc4f74a40716ae54d140f93beb0fb8978d8636eaded0c31b6f099f16"},
  "mime": {:hex, :mime, "2.0.5", "dc34c8efd439abe6ae0343edbb8556f4d63f178594894720607772a041b04b02", [:mix], [], "hexpm", "da0d64a365c45bc9935cc5c8a7fc5e49a0e0f9932a761c55d6c52b142780a05c"},
  "mimerl": {:hex, :mimerl, "1.2.0", "67e2d3f571088d5cfd3e550c383094b47159f3eee8ffa08e64106cdf5e981be3", [:rebar3], [], "hexpm", "f278585650aa581986264638ebf698f8bb19df297f66ad91b18910dfc6e19323"},
  "mix_test_watch": {:hex, :mix_test_watch, "1.1.1", "eee6fc570d77ad6851c7bc08de420a47fd1e449ef5ccfa6a77ef68b72e7e51ad", [:mix], [{:file_system, "~> 0.2.1 or ~> 0.3", [hex: :file_system, repo: "hexpm", optional: false]}], "hexpm", "f82262b54dee533467021723892e15c3267349849f1f737526523ecba4e6baae"},
  "muontrap": {:hex, :muontrap, "1.4.0", "13aa25cf0ee00ef77f1b2fd66221ef69ec02785b1fa6d073287462b19edf4f22", [:make, :mix], [{:elixir_make, "~> 0.6", [hex: :elixir_make, repo: "hexpm", optional: false]}], "hexpm", "04e73438af6d0954d3ea4ab6b70bc4d9eef80341647a1ce4449797294ebfc399"},
  "nautic_net_nmea2000": {:git, "git@github.com:opensailing/nautic_net_nmea2000.git", "70fc373092927227b7ba08c8c4c3e9baebea8d06", []},
  "nautic_net_protobuf": {:git, "git@github.com:opensailing/nautic_net_protobuf.git", "478fa1f0c30509bf9ee6b9aaeab2a5888ac0665e", []},
  "nautic_net_system_rpi3": {:git, "git@github.com:opensailing/nautic_net_system_rpi3.git", "e28abc3783e52644c8a798d284ca186d5323c5a5", [tag: "v1.22.2"]},
  "nerves": {:hex, :nerves, "1.10.5", "9c4296a5fd9c48858a92b17ae52cfcf1bc9acfefdc2da5c10ec79e4c139ecaec", [:make, :mix], [{:castore, "~> 0.1 or ~> 1.0", [hex: :castore, repo: "hexpm", optional: false]}, {:elixir_make, "~> 0.6", [hex: :elixir_make, repo: "hexpm", optional: false]}, {:jason, "~> 1.2", [hex: :jason, repo: "hexpm", optional: false]}], "hexpm", "a1309b6c56e2797f7514e89afc61b7c06803f359e94b00ac006bef4e611d95e9"},
  "nerves_motd": {:hex, :nerves_motd, "0.1.13", "5ab28a458e8ba8cf7f165573dd413f3ed0f9720dc08eda51c2bcb0d7edffa9ee", [:mix], [{:nerves_runtime, "~> 0.8", [hex: :nerves_runtime, repo: "hexpm", optional: false]}, {:nerves_time, "~> 0.4", [hex: :nerves_time, repo: "hexpm", optional: true]}, {:nerves_time_zones, "~> 0.1", [hex: :nerves_time_zones, repo: "hexpm", optional: true]}], "hexpm", "f3fee43ab52181b0de015eec4a9835b99526170ac83a0f621a155f458e1c9eeb"},
  "nerves_pack": {:hex, :nerves_pack, "0.6.0", "c9b82b2005a7ff5b247670e02ac3b1c75d07b0dac8eb02cb11fd429990c65900", [:mix], [{:mdns_lite, "~> 0.8", [hex: :mdns_lite, repo: "hexpm", optional: false]}, {:nerves_motd, "~> 0.1", [hex: :nerves_motd, repo: "hexpm", optional: false]}, {:nerves_runtime, "~> 0.6", [hex: :nerves_runtime, repo: "hexpm", optional: false]}, {:nerves_ssh, "~> 0.2", [hex: :nerves_ssh, repo: "hexpm", optional: false]}, {:nerves_time, "~> 0.3", [hex: :nerves_time, repo: "hexpm", optional: false]}, {:ring_logger, "~> 0.8", [hex: :ring_logger, repo: "hexpm", optional: false]}, {:vintage_net, "~> 0.10", [hex: :vintage_net, repo: "hexpm", optional: false]}, {:vintage_net_direct, "~> 0.10", [hex: :vintage_net_direct, repo: "hexpm", optional: false]}, {:vintage_net_ethernet, "~> 0.10", [hex: :vintage_net_ethernet, repo: "hexpm", optional: false]}, {:vintage_net_wifi, "~> 0.10", [hex: :vintage_net_wifi, repo: "hexpm", optional: false]}], "hexpm", "9d240008ac04fdac9e73c088c05ead78d4f4b8d7cea0f93b009a386c859f2503"},
  "nerves_runtime": {:hex, :nerves_runtime, "0.11.10", "a91e7e1af7a3ecbcb2d2f39f79f116966c3135001d57257c0638b714c7791177", [:make, :mix], [{:elixir_make, "~> 0.6", [hex: :elixir_make, repo: "hexpm", optional: false]}, {:system_registry, "~> 0.8.0", [hex: :system_registry, repo: "hexpm", optional: false]}, {:uboot_env, "~> 0.3.0 or ~> 1.0", [hex: :uboot_env, repo: "hexpm", optional: false]}], "hexpm", "d048c77b5d879da14538737883a34a0922af6bb5c1baf061a5961528d4806b4b"},
  "nerves_ssh": {:hex, :nerves_ssh, "0.4.3", "32540ad52a9781b7b1a1427ea1d282a9129f16b40f0a06de2074019ed455e760", [:mix], [{:nerves_runtime, "~> 0.11", [hex: :nerves_runtime, repo: "hexpm", optional: false]}, {:ssh_subsystem_fwup, "~> 0.5", [hex: :ssh_subsystem_fwup, repo: "hexpm", optional: false]}], "hexpm", "dfd079e4609d1d231dd29a9588534957a24c0baed1f434233dbfc2a679ea14d8"},
  "nerves_system_br": {:hex, :nerves_system_br, "1.22.5", "56c514ed0f3e7ab00d070ad1946e58ccbad134711b8688c350ef9b3ce599e45d", [:mix], [], "hexpm", "ae5c0df668de14c4bfa0a965b0328ed2f96050e9ac14d94461e6dc97ac76eee2"},
  "nerves_time": {:hex, :nerves_time, "0.4.6", "f02e5e866149f3884a4b125104a5b677f7e61d271c1f7d87bc989197dc02dae5", [:make, :mix], [{:elixir_make, "~> 0.6", [hex: :elixir_make, repo: "hexpm", optional: false]}, {:muontrap, "~> 0.5 or ~> 1.0", [hex: :muontrap, repo: "hexpm", optional: false]}], "hexpm", "1fecb9e9dd098c0e93d35205a79e604831779f2d2313cfe7c31d181678e26ce6"},
  "nerves_toolchain_armv7_nerves_linux_gnueabihf": {:hex, :nerves_toolchain_armv7_nerves_linux_gnueabihf, "1.8.0", "2286e6272c340c3f49a29632321ad1ff6d8d09ddf130669d42530430bf13b3a7", [:mix], [{:nerves, "~> 1.0", [hex: :nerves, repo: "hexpm", optional: false]}, {:nerves_toolchain_ctng, "~> 1.9.3", [hex: :nerves_toolchain_ctng, repo: "hexpm", optional: false]}], "hexpm", "099e109947165275d6050f561757827f2d10dd63fa6fd7cbbae5ed57b9f748ee"},
  "nerves_toolchain_ctng": {:hex, :nerves_toolchain_ctng, "1.9.3", "60e87fde05988c4264babc8d68a9221c7b8fe5dc195b7d1526f29b8e626c735c", [:mix], [{:nerves, "~> 1.0", [hex: :nerves, repo: "hexpm", optional: false]}], "hexpm", "2b6edb0687b7f78d3fa49958d759f647e351b23c1f59f637c617a6dc179994ae"},
  "ng_can": {:git, "https://github.com/rosepointnav/ng_can.git", "d9e6733debb198a97047bbfb3c164c482017114c", []},
  "nmea": {:git, "git@github.com:opensailing/nmea", "ab31fcd9da9830cad2fde576afe545476536f8e7", []},
  "one_dhcpd": {:hex, :one_dhcpd, "2.0.2", "49ae0bc4ecc4bf958a2e3eb9c25149dbb37102b77163ed3f9ebadfe49090b44a", [:make, :mix], [{:elixir_make, "~> 0.6", [hex: :elixir_make, repo: "hexpm", optional: false]}], "hexpm", "f95de030d199c834dacacc8420881e21c27cec60371711bdffd2fc183234cbf8"},
  "parse_trans": {:hex, :parse_trans, "3.4.1", "6e6aa8167cb44cc8f39441d05193be6e6f4e7c2946cb2759f015f8c56b76e5ff", [:rebar3], [], "hexpm", "620a406ce75dada827b82e453c19cf06776be266f5a67cff34e1ef2cbb60e49a"},
  "property_table": {:hex, :property_table, "0.2.5", "72567da62711d0b8b517990eadbe76685e5b02ed90ad5a2e48ae6f3a7922cf64", [:mix], [], "hexpm", "abfd4ce4dd9a7a6d39c0a35b177c09dc9aba5af0eb1f93cc28919e31d5f8bbab"},
  "protobuf": {:hex, :protobuf, "0.10.0", "4e8e3cf64c5be203b329f88bb8b916cb8d00fb3a12b2ac1f545463ae963c869f", [:mix], [{:jason, "~> 1.2", [hex: :jason, repo: "hexpm", optional: true]}], "hexpm", "4ae21a386142357aa3d31ccf5f7d290f03f3fa6f209755f6e87fc2c58c147893"},
  "qmi": {:hex, :qmi, "0.8.6", "529f8cc4e4de272e2e2c86f9ec2720cff2b7026342cb8af450f658b414d6e250", [:make, :mix], [{:elixir_make, "~> 0.6", [hex: :elixir_make, repo: "hexpm", optional: false]}], "hexpm", "21baa3cdd973c7870a78ab6b718a235f1c259da80e404bea44f0cb38a1182cc2"},
  "ring_logger": {:hex, :ring_logger, "0.8.6", "8159b877f184f6d3b9e72b2dbd08545b1f93b20f73e827234282273e76223e51", [:mix], [{:circular_buffer, "~> 0.4.0", [hex: :circular_buffer, repo: "hexpm", optional: false]}], "hexpm", "f19684a5413ad455422cea10ec164d71de390f42ce6f703c345d87bcb188f315"},
  "shoehorn": {:hex, :shoehorn, "0.8.0", "05023f3d8da1713d14b7dada4be8d8c0f78b7bc40175036486d17c4323207d1b", [:mix], [], "hexpm", "17254e143b00a25fd7074e9fdf52abaac14ed670cbf50f783ab409f8938f6061"},
  "ssh_subsystem_fwup": {:hex, :ssh_subsystem_fwup, "0.6.1", "628f8e3795de5f1d0e7b3b55de4248ab0a77ab4c47e3cd282f1dda89d6354a9f", [:mix], [], "hexpm", "babdae337f2dc011ab5478662b4ec850650d7acfb165662ae47f6f0ce8892499"},
  "ssl_verify_fun": {:hex, :ssl_verify_fun, "1.1.7", "354c321cf377240c7b8716899e182ce4890c5938111a1296add3ec74cf1715df", [:make, :mix, :rebar3], [], "hexpm", "fe4c190e8f37401d30167c8c405eda19469f34577987c76dde613e838bbc67f8"},
  "system_registry": {:hex, :system_registry, "0.8.2", "df791dc276652fcfb53be4dab823e05f8269b96ac57c26f86a67838dbc0eefe7", [:mix], [], "hexpm", "f7acdede22c73ab0b3735eead7f2095efb2a7a6198366564205274db2ca2a8f8"},
  "telemetry": {:hex, :telemetry, "1.2.1", "68fdfe8d8f05a8428483a97d7aab2f268aaff24b49e0f599faa091f1d4e7f61c", [:rebar3], [], "hexpm", "dad9ce9d8effc621708f99eac538ef1cbe05d6a874dd741de2e689c47feafed5"},
  "telemetry_metrics": {:hex, :telemetry_metrics, "0.6.2", "2caabe9344ec17eafe5403304771c3539f3b6e2f7fb6a6f602558c825d0d0bfb", [:mix], [{:telemetry, "~> 0.4 or ~> 1.0", [hex: :telemetry, repo: "hexpm", optional: false]}], "hexpm", "9b43db0dc33863930b9ef9d27137e78974756f5f198cae18409970ed6fa5b561"},
  "tesla": {:hex, :tesla, "1.8.0", "d511a4f5c5e42538d97eef7c40ec4f3e44effdc5068206f42ed859e09e51d1fd", [:mix], [{:castore, "~> 0.1 or ~> 1.0", [hex: :castore, repo: "hexpm", optional: true]}, {:exjsx, ">= 3.0.0", [hex: :exjsx, repo: "hexpm", optional: true]}, {:finch, "~> 0.13", [hex: :finch, repo: "hexpm", optional: true]}, {:fuse, "~> 2.4", [hex: :fuse, repo: "hexpm", optional: true]}, {:gun, ">= 1.0.0", [hex: :gun, repo: "hexpm", optional: true]}, {:hackney, "~> 1.6", [hex: :hackney, repo: "hexpm", optional: true]}, {:ibrowse, "4.4.2", [hex: :ibrowse, repo: "hexpm", optional: true]}, {:jason, ">= 1.0.0", [hex: :jason, repo: "hexpm", optional: true]}, {:mime, "~> 1.0 or ~> 2.0", [hex: :mime, repo: "hexpm", optional: false]}, {:mint, "~> 1.0", [hex: :mint, repo: "hexpm", optional: true]}, {:msgpax, "~> 2.3", [hex: :msgpax, repo: "hexpm", optional: true]}, {:poison, ">= 1.0.0", [hex: :poison, repo: "hexpm", optional: true]}, {:telemetry, "~> 0.4 or ~> 1.0", [hex: :telemetry, repo: "hexpm", optional: true]}], "hexpm", "10501f360cd926a309501287470372af1a6e1cbed0f43949203a4c13300bc79f"},
  "toolshed": {:hex, :toolshed, "0.2.26", "1e50c8ff6da61d304dd59598667c403ff0873319afb73f40efda775a49e00c93", [:mix], [{:nerves_runtime, "~> 0.8", [hex: :nerves_runtime, repo: "hexpm", optional: true]}], "hexpm", "7e92e03731ed39c1261d5baf58576a771d116e2e3461db35cdd45c78a6b999b2"},
  "uart": {:git, "https://github.com/captchrisd/uart.git", "627ebe0be1b7b973ca17bea0f937662f9b67cef8", []},
  "uboot_env": {:hex, :uboot_env, "1.0.1", "b0e136cf1a561412ff7db23ed2b6df18d7c7ce2fc59941afd851006788a67f3d", [:mix], [], "hexpm", "b6d4fe7c24123be57ed946c48116d23173e37944bc945b8b76fccc437909c60b"},
  "unicode_util_compat": {:hex, :unicode_util_compat, "0.7.0", "bc84380c9ab48177092f43ac89e4dfa2c6d62b40b8bd132b1059ecc7232f9a78", [:rebar3], [], "hexpm", "25eee6d67df61960cf6a794239566599b09e17e668d3700247bc498638152521"},
  "vintage_net": {:hex, :vintage_net, "0.13.5", "b02cbb44434eba68d8e991e7c9a75d491da73c3073ff4823843e66f451d6f088", [:make, :mix], [{:beam_notify, "~> 0.2.0 or ~> 1.0", [hex: :beam_notify, repo: "hexpm", optional: false]}, {:elixir_make, "~> 0.6", [hex: :elixir_make, repo: "hexpm", optional: false]}, {:gen_state_machine, "~> 2.0.0 or ~> 2.1.0 or ~> 3.0.0", [hex: :gen_state_machine, repo: "hexpm", optional: false]}, {:muontrap, "~> 0.5.1 or ~> 0.6.0 or ~> 1.0", [hex: :muontrap, repo: "hexpm", optional: false]}, {:property_table, "~> 0.2.0", [hex: :property_table, repo: "hexpm", optional: false]}], "hexpm", "67e04b8eaa40600bbea4902aba363792598b31cf144f6033d93d7662b60519ad"},
  "vintage_net_direct": {:hex, :vintage_net_direct, "0.10.7", "940561c375f04d6734ac78100ae1d8ef790ffd7e966f70efb525230fa1bc5774", [:mix], [{:one_dhcpd, "~> 0.2.3 or ~> 1.0 or ~> 2.0", [hex: :one_dhcpd, repo: "hexpm", optional: false]}, {:vintage_net, "~> 0.9.1 or ~> 0.10.0 or ~> 0.11.0 or ~> 0.12.0 or ~> 0.13.0", [hex: :vintage_net, repo: "hexpm", optional: false]}], "hexpm", "c040e9c33220495c28ba4464c5924da00bd4949627c4cb9c99ba1ed96f7b9429"},
  "vintage_net_ethernet": {:hex, :vintage_net_ethernet, "0.11.2", "ef67db5ace9ad5ca5bf229a507247f9eb45b847dc0ff694a6e8a156ed9c5915d", [:mix], [{:vintage_net, "~> 0.12.0 or ~> 0.13.0", [hex: :vintage_net, repo: "hexpm", optional: false]}], "hexpm", "6915f9e15e1aa15e52d1948f318ce5109181d1ad7aaa50016bad5dd8e22df9ea"},
  "vintage_net_qmi": {:hex, :vintage_net_qmi, "0.3.5", "65e4805045d3e2eed72d5e68448a5b9fd94cc1949ba60b84c042564b8c59b48e", [:mix], [{:qmi, "~> 0.8.4", [hex: :qmi, repo: "hexpm", optional: false]}, {:vintage_net, "~> 0.12.0 or ~> 0.13.0", [hex: :vintage_net, repo: "hexpm", optional: false]}], "hexpm", "d6d786f9320d72d676532b22922622f38b4ed988c2a2e077ef576dbec3d6dc1b"},
  "vintage_net_wifi": {:hex, :vintage_net_wifi, "0.12.2", "22f672be7dc7cdbba6fc4eaeb9dd2746a6e6e8abf8dd868491bb73df5eb6209c", [:make, :mix], [{:elixir_make, "~> 0.6", [hex: :elixir_make, repo: "hexpm", optional: false]}, {:vintage_net, "~> 0.12.0 or ~> 0.13.0", [hex: :vintage_net, repo: "hexpm", optional: false]}], "hexpm", "3fa7dc4ffc1ac2d3c782646ebfd5c52c7647eeb4d75b6c29cffb67ab964b4229"},
}
